// !$*UTF8*$!
{
	archiveVersion = 1;
	classes = {
	};
	objectVersion = 46;
	objects = {

/* Begin PBXBuildFile section */
		2103B9D01E9AA4FD00F5DA0A /* StoreKit.framework in Frameworks */ = {isa = PBXBuildFile; fileRef = 2103B9CF1E9AA4FD00F5DA0A /* StoreKit.framework */; };
		210F8F401E2DB6150096E5C3 /* URLTextField.m in Sources */ = {isa = PBXBuildFile; fileRef = 210F8F3F1E2DB6150096E5C3 /* URLTextField.m */; };
		2111934D1EB630DE00F1AB3B /* GoogleService-Info.plist in Resources */ = {isa = PBXBuildFile; fileRef = 2111934C1EB630DE00F1AB3B /* GoogleService-Info.plist */; };
		2115271B1E686AFC005F5C92 /* DefaultTabTableViewController.m in Sources */ = {isa = PBXBuildFile; fileRef = 2115271A1E686AFC005F5C92 /* DefaultTabTableViewController.m */; };
		21183E561E46A60700029939 /* XFileParserTest.m in Sources */ = {isa = PBXBuildFile; fileRef = 21183E551E46A60700029939 /* XFileParserTest.m */; };
		21183E5A1E46ACA200029939 /* FileManagerTableViewController.m in Sources */ = {isa = PBXBuildFile; fileRef = 21183E591E46ACA200029939 /* FileManagerTableViewController.m */; };
		211BE7BE1E6C7C6F009A7F4C /* TWRDownloadObject.m in Sources */ = {isa = PBXBuildFile; fileRef = 211BE7BD1E6C7C6F009A7F4C /* TWRDownloadObject.m */; };
		211BE7C21E6C7C79009A7F4C /* TWRDownloadManager.m in Sources */ = {isa = PBXBuildFile; fileRef = 211BE7C01E6C7C79009A7F4C /* TWRDownloadManager.m */; };
		211BE7C61E6C7CA7009A7F4C /* DownloadsTableViewController.m in Sources */ = {isa = PBXBuildFile; fileRef = 211BE7C51E6C7CA7009A7F4C /* DownloadsTableViewController.m */; };
		211BE7C91E6C7CB7009A7F4C /* DownloadsTableViewCell.m in Sources */ = {isa = PBXBuildFile; fileRef = 211BE7C81E6C7CB7009A7F4C /* DownloadsTableViewCell.m */; };
		211E7E181E2D3B8F00F571B2 /* MessageUI.framework in Frameworks */ = {isa = PBXBuildFile; fileRef = 211E7E171E2D3B8F00F571B2 /* MessageUI.framework */; };
		212104CB1E2195800090BDF3 /* SearchEngineTableViewController.m in Sources */ = {isa = PBXBuildFile; fileRef = 212104CA1E2195800090BDF3 /* SearchEngineTableViewController.m */; };
		2136E6921E6F032D00570476 /* StepsViewController.m in Sources */ = {isa = PBXBuildFile; fileRef = 2136E6911E6F032D00570476 /* StepsViewController.m */; };
		214DCF8A1E2EA4FB00329A5A /* BookmarkTableViewCell.m in Sources */ = {isa = PBXBuildFile; fileRef = 214DCF891E2EA4FB00329A5A /* BookmarkTableViewCell.m */; };
		214DCF901E2EAB8D00329A5A /* BookmarksTableViewController.m in Sources */ = {isa = PBXBuildFile; fileRef = 214DCF8F1E2EAB8D00329A5A /* BookmarksTableViewController.m */; };
		214E00591E4CB30000B5ACC2 /* CoreImage.framework in Frameworks */ = {isa = PBXBuildFile; fileRef = 214E00581E4CB30000B5ACC2 /* CoreImage.framework */; };
		214E005B1E4CCE8C00B5ACC2 /* AVFoundation.framework in Frameworks */ = {isa = PBXBuildFile; fileRef = 214E005A1E4CCE8C00B5ACC2 /* AVFoundation.framework */; };
		214FD0841E998A6D008A69BC /* WelcomeControllerViewController.m in Sources */ = {isa = PBXBuildFile; fileRef = 214FD0831E998A6D008A69BC /* WelcomeControllerViewController.m */; };
		215129061E57071D0059428B /* XMusicFile.m in Sources */ = {isa = PBXBuildFile; fileRef = 215129051E57071D0059428B /* XMusicFile.m */; };
		2158CED11E59F6FF0072A460 /* MusicPlayerViewController.m in Sources */ = {isa = PBXBuildFile; fileRef = 2158CED01E59F6FF0072A460 /* MusicPlayerViewController.m */; };
		216910291E994D1000A44D5D /* QuartzCore.framework in Frameworks */ = {isa = PBXBuildFile; fileRef = 216910281E994D1000A44D5D /* QuartzCore.framework */; };
		2169102B1E994D1900A44D5D /* Security.framework in Frameworks */ = {isa = PBXBuildFile; fileRef = 2169102A1E994D1900A44D5D /* Security.framework */; };
		217010D51E43D7DB00A316F7 /* XFile.m in Sources */ = {isa = PBXBuildFile; fileRef = 217010D41E43D7DB00A316F7 /* XFile.m */; };
		21741FC21E44A4A10030C063 /* XFileParser.m in Sources */ = {isa = PBXBuildFile; fileRef = 21741FC11E44A4A10030C063 /* XFileParser.m */; };
		217B06931E6DD0720083846F /* MIMEsTableViewController.m in Sources */ = {isa = PBXBuildFile; fileRef = 217B06921E6DD0720083846F /* MIMEsTableViewController.m */; };
		217B06971E6DDAAD0083846F /* NewMIMETableViewController.m in Sources */ = {isa = PBXBuildFile; fileRef = 217B06961E6DDAAD0083846F /* NewMIMETableViewController.m */; };
		217B069A1E6DE0E00083846F /* EditMIMETableViewController.m in Sources */ = {isa = PBXBuildFile; fileRef = 217B06991E6DE0E00083846F /* EditMIMETableViewController.m */; };
		2180963A1E2ECF9C0059870E /* AddBTableViewController.m in Sources */ = {isa = PBXBuildFile; fileRef = 218096391E2ECF9C0059870E /* AddBTableViewController.m */; };
		2180963F1E2EE8740059870E /* DataRef.m in Sources */ = {isa = PBXBuildFile; fileRef = 2180963E1E2EE8740059870E /* DataRef.m */; };
		219B814C1E4B649300620348 /* PDFViewerViewController.m in Sources */ = {isa = PBXBuildFile; fileRef = 219B814B1E4B649300620348 /* PDFViewerViewController.m */; };
		219B81501E4B83F500620348 /* TextViewerViewController.m in Sources */ = {isa = PBXBuildFile; fileRef = 219B814F1E4B83F500620348 /* TextViewerViewController.m */; };
		219B81521E4BABB500620348 /* MediaPlayer.framework in Frameworks */ = {isa = PBXBuildFile; fileRef = 219B81511E4BABB500620348 /* MediaPlayer.framework */; };
		219B815F1E4BDB1F00620348 /* EditPropsTableViewController.m in Sources */ = {isa = PBXBuildFile; fileRef = 219B815E1E4BDB1F00620348 /* EditPropsTableViewController.m */; };
		21A04F931E1ABDDA00254D8F /* HistoryTableViewController.m in Sources */ = {isa = PBXBuildFile; fileRef = 21A04F921E1ABDDA00254D8F /* HistoryTableViewController.m */; };
		21A04F961E1ABF1400254D8F /* HistoryTableViewCell.m in Sources */ = {isa = PBXBuildFile; fileRef = 21A04F951E1ABF1400254D8F /* HistoryTableViewCell.m */; };
		21A04F991E1C244500254D8F /* SettingsTableViewController.m in Sources */ = {isa = PBXBuildFile; fileRef = 21A04F981E1C244500254D8F /* SettingsTableViewController.m */; };
		21A0ECC71E46B54800E156D8 /* FileManagerTableViewCell.m in Sources */ = {isa = PBXBuildFile; fileRef = 21A0ECC61E46B54800E156D8 /* FileManagerTableViewCell.m */; };
		21BCA4171EB7935600BC2C6D /* MWCaptionView.m in Sources */ = {isa = PBXBuildFile; fileRef = 21BCA4031EB7935600BC2C6D /* MWCaptionView.m */; };
		21BCA4181EB7935600BC2C6D /* MWGridCell.m in Sources */ = {isa = PBXBuildFile; fileRef = 21BCA4061EB7935600BC2C6D /* MWGridCell.m */; };
		21BCA4191EB7935600BC2C6D /* MWGridViewController.m in Sources */ = {isa = PBXBuildFile; fileRef = 21BCA4081EB7935600BC2C6D /* MWGridViewController.m */; };
		21BCA41A1EB7935600BC2C6D /* MWPhoto.m in Sources */ = {isa = PBXBuildFile; fileRef = 21BCA40A1EB7935600BC2C6D /* MWPhoto.m */; };
		21BCA41B1EB7935600BC2C6D /* MWPhotoBrowser.m in Sources */ = {isa = PBXBuildFile; fileRef = 21BCA40C1EB7935600BC2C6D /* MWPhotoBrowser.m */; };
		21BCA41C1EB7935600BC2C6D /* MWTapDetectingImageView.m in Sources */ = {isa = PBXBuildFile; fileRef = 21BCA4101EB7935600BC2C6D /* MWTapDetectingImageView.m */; };
		21BCA41D1EB7935600BC2C6D /* MWTapDetectingView.m in Sources */ = {isa = PBXBuildFile; fileRef = 21BCA4121EB7935600BC2C6D /* MWTapDetectingView.m */; };
		21BCA41E1EB7935600BC2C6D /* MWZoomingScrollView.m in Sources */ = {isa = PBXBuildFile; fileRef = 21BCA4141EB7935600BC2C6D /* MWZoomingScrollView.m */; };
		21BCA41F1EB7935600BC2C6D /* UIImage+MWPhotoBrowser.m in Sources */ = {isa = PBXBuildFile; fileRef = 21BCA4161EB7935600BC2C6D /* UIImage+MWPhotoBrowser.m */; };
		21BCA4421EB7937900BC2C6D /* ImageError.png in Resources */ = {isa = PBXBuildFile; fileRef = 21BCA4211EB7937900BC2C6D /* ImageError.png */; };
		21BCA4431EB7937900BC2C6D /* ImageError@2x.png in Resources */ = {isa = PBXBuildFile; fileRef = 21BCA4221EB7937900BC2C6D /* ImageError@2x.png */; };
		21BCA4441EB7937900BC2C6D /* ImageError@3x.png in Resources */ = {isa = PBXBuildFile; fileRef = 21BCA4231EB7937900BC2C6D /* ImageError@3x.png */; };
		21BCA4451EB7937900BC2C6D /* ImageSelectedOff.png in Resources */ = {isa = PBXBuildFile; fileRef = 21BCA4241EB7937900BC2C6D /* ImageSelectedOff.png */; };
		21BCA4461EB7937900BC2C6D /* ImageSelectedOff@2x.png in Resources */ = {isa = PBXBuildFile; fileRef = 21BCA4251EB7937900BC2C6D /* ImageSelectedOff@2x.png */; };
		21BCA4471EB7937900BC2C6D /* ImageSelectedOff@3x.png in Resources */ = {isa = PBXBuildFile; fileRef = 21BCA4261EB7937900BC2C6D /* ImageSelectedOff@3x.png */; };
		21BCA4481EB7937900BC2C6D /* ImageSelectedOn.png in Resources */ = {isa = PBXBuildFile; fileRef = 21BCA4271EB7937900BC2C6D /* ImageSelectedOn.png */; };
		21BCA4491EB7937900BC2C6D /* ImageSelectedOn@2x.png in Resources */ = {isa = PBXBuildFile; fileRef = 21BCA4281EB7937900BC2C6D /* ImageSelectedOn@2x.png */; };
		21BCA44A1EB7937900BC2C6D /* ImageSelectedOn@3x.png in Resources */ = {isa = PBXBuildFile; fileRef = 21BCA4291EB7937900BC2C6D /* ImageSelectedOn@3x.png */; };
		21BCA44B1EB7937900BC2C6D /* ImageSelectedSmallOff.png in Resources */ = {isa = PBXBuildFile; fileRef = 21BCA42A1EB7937900BC2C6D /* ImageSelectedSmallOff.png */; };
		21BCA44C1EB7937900BC2C6D /* ImageSelectedSmallOff@2x.png in Resources */ = {isa = PBXBuildFile; fileRef = 21BCA42B1EB7937900BC2C6D /* ImageSelectedSmallOff@2x.png */; };
		21BCA44D1EB7937900BC2C6D /* ImageSelectedSmallOff@3x.png in Resources */ = {isa = PBXBuildFile; fileRef = 21BCA42C1EB7937900BC2C6D /* ImageSelectedSmallOff@3x.png */; };
		21BCA44E1EB7937900BC2C6D /* ImageSelectedSmallOn.png in Resources */ = {isa = PBXBuildFile; fileRef = 21BCA42D1EB7937900BC2C6D /* ImageSelectedSmallOn.png */; };
		21BCA44F1EB7937900BC2C6D /* ImageSelectedSmallOn@2x.png in Resources */ = {isa = PBXBuildFile; fileRef = 21BCA42E1EB7937900BC2C6D /* ImageSelectedSmallOn@2x.png */; };
		21BCA4501EB7937900BC2C6D /* ImageSelectedSmallOn@3x.png in Resources */ = {isa = PBXBuildFile; fileRef = 21BCA42F1EB7937900BC2C6D /* ImageSelectedSmallOn@3x.png */; };
		21BCA4511EB7937900BC2C6D /* PlayButtonOverlayLarge.png in Resources */ = {isa = PBXBuildFile; fileRef = 21BCA4301EB7937900BC2C6D /* PlayButtonOverlayLarge.png */; };
		21BCA4521EB7937900BC2C6D /* PlayButtonOverlayLarge@2x.png in Resources */ = {isa = PBXBuildFile; fileRef = 21BCA4311EB7937900BC2C6D /* PlayButtonOverlayLarge@2x.png */; };
		21BCA4531EB7937900BC2C6D /* PlayButtonOverlayLarge@3x.png in Resources */ = {isa = PBXBuildFile; fileRef = 21BCA4321EB7937900BC2C6D /* PlayButtonOverlayLarge@3x.png */; };
		21BCA4541EB7937900BC2C6D /* PlayButtonOverlayLargeTap.png in Resources */ = {isa = PBXBuildFile; fileRef = 21BCA4331EB7937900BC2C6D /* PlayButtonOverlayLargeTap.png */; };
		21BCA4551EB7937900BC2C6D /* PlayButtonOverlayLargeTap@2x.png in Resources */ = {isa = PBXBuildFile; fileRef = 21BCA4341EB7937900BC2C6D /* PlayButtonOverlayLargeTap@2x.png */; };
		21BCA4561EB7937900BC2C6D /* PlayButtonOverlayLargeTap@3x.png in Resources */ = {isa = PBXBuildFile; fileRef = 21BCA4351EB7937900BC2C6D /* PlayButtonOverlayLargeTap@3x.png */; };
		21BCA4571EB7937900BC2C6D /* UIBarButtonItemArrowLeft.png in Resources */ = {isa = PBXBuildFile; fileRef = 21BCA4361EB7937900BC2C6D /* UIBarButtonItemArrowLeft.png */; };
		21BCA4581EB7937900BC2C6D /* UIBarButtonItemArrowLeft@2x.png in Resources */ = {isa = PBXBuildFile; fileRef = 21BCA4371EB7937900BC2C6D /* UIBarButtonItemArrowLeft@2x.png */; };
		21BCA4591EB7937900BC2C6D /* UIBarButtonItemArrowLeft@3x.png in Resources */ = {isa = PBXBuildFile; fileRef = 21BCA4381EB7937900BC2C6D /* UIBarButtonItemArrowLeft@3x.png */; };
		21BCA45A1EB7937900BC2C6D /* UIBarButtonItemArrowRight.png in Resources */ = {isa = PBXBuildFile; fileRef = 21BCA4391EB7937900BC2C6D /* UIBarButtonItemArrowRight.png */; };
		21BCA45B1EB7937900BC2C6D /* UIBarButtonItemArrowRight@2x.png in Resources */ = {isa = PBXBuildFile; fileRef = 21BCA43A1EB7937900BC2C6D /* UIBarButtonItemArrowRight@2x.png */; };
		21BCA45C1EB7937900BC2C6D /* UIBarButtonItemArrowRight@3x.png in Resources */ = {isa = PBXBuildFile; fileRef = 21BCA43B1EB7937900BC2C6D /* UIBarButtonItemArrowRight@3x.png */; };
		21BCA45D1EB7937900BC2C6D /* UIBarButtonItemGrid.png in Resources */ = {isa = PBXBuildFile; fileRef = 21BCA43C1EB7937900BC2C6D /* UIBarButtonItemGrid.png */; };
		21BCA45E1EB7937900BC2C6D /* UIBarButtonItemGrid@2x.png in Resources */ = {isa = PBXBuildFile; fileRef = 21BCA43D1EB7937900BC2C6D /* UIBarButtonItemGrid@2x.png */; };
		21BCA45F1EB7937900BC2C6D /* UIBarButtonItemGrid@3x.png in Resources */ = {isa = PBXBuildFile; fileRef = 21BCA43E1EB7937900BC2C6D /* UIBarButtonItemGrid@3x.png */; };
		21BCA4601EB7937900BC2C6D /* VideoOverlay.png in Resources */ = {isa = PBXBuildFile; fileRef = 21BCA43F1EB7937900BC2C6D /* VideoOverlay.png */; };
		21BCA4611EB7937900BC2C6D /* VideoOverlay@2x.png in Resources */ = {isa = PBXBuildFile; fileRef = 21BCA4401EB7937900BC2C6D /* VideoOverlay@2x.png */; };
		21BCA4621EB7937900BC2C6D /* VideoOverlay@3x.png in Resources */ = {isa = PBXBuildFile; fileRef = 21BCA4411EB7937900BC2C6D /* VideoOverlay@3x.png */; };
		21C19DBE1E6D75FE00C56D70 /* CompletedDownloadsTableViewCell.m in Sources */ = {isa = PBXBuildFile; fileRef = 21C19DBD1E6D75FE00C56D70 /* CompletedDownloadsTableViewCell.m */; };
		21C70EAC1E96E02D00A52BC8 /* PasscodeTableViewController.m in Sources */ = {isa = PBXBuildFile; fileRef = 21C70EAB1E96E02D00A52BC8 /* PasscodeTableViewController.m */; };
		21C70EB21E96E05B00A52BC8 /* LTHKeychainUtils.m in Sources */ = {isa = PBXBuildFile; fileRef = 21C70EAF1E96E05B00A52BC8 /* LTHKeychainUtils.m */; };
		21C70EB31E96E05B00A52BC8 /* LTHPasscodeViewController.m in Sources */ = {isa = PBXBuildFile; fileRef = 21C70EB11E96E05B00A52BC8 /* LTHPasscodeViewController.m */; };
		21C70EB51E96EBCB00A52BC8 /* LTHPasscodeViewController.bundle in Resources */ = {isa = PBXBuildFile; fileRef = 21C70EB41E96EBCB00A52BC8 /* LTHPasscodeViewController.bundle */; };
		21CA73661E648B930028BCF6 /* TabBarViewController.m in Sources */ = {isa = PBXBuildFile; fileRef = 21CA73651E648B930028BCF6 /* TabBarViewController.m */; };
		21EB2C891E6DB59F00AF90F3 /* StartDownloadTableViewController.m in Sources */ = {isa = PBXBuildFile; fileRef = 21EB2C881E6DB59F00AF90F3 /* StartDownloadTableViewController.m */; };
		21EFED251E14122B00D7755E /* main.m in Sources */ = {isa = PBXBuildFile; fileRef = 21EFED241E14122B00D7755E /* main.m */; };
		21EFED281E14122B00D7755E /* AppDelegate.m in Sources */ = {isa = PBXBuildFile; fileRef = 21EFED271E14122B00D7755E /* AppDelegate.m */; };
		21EFED2E1E14122B00D7755E /* Main.storyboard in Resources */ = {isa = PBXBuildFile; fileRef = 21EFED2C1E14122B00D7755E /* Main.storyboard */; };
		21EFED301E14122B00D7755E /* Assets.xcassets in Resources */ = {isa = PBXBuildFile; fileRef = 21EFED2F1E14122B00D7755E /* Assets.xcassets */; };
		21EFED331E14122B00D7755E /* LaunchScreen.storyboard in Resources */ = {isa = PBXBuildFile; fileRef = 21EFED311E14122B00D7755E /* LaunchScreen.storyboard */; };
		21EFED3C1E141ADC00D7755E /* WebViewController.m in Sources */ = {isa = PBXBuildFile; fileRef = 21EFED3B1E141ADC00D7755E /* WebViewController.m */; };
		21EFED451E157FE000D7755E /* URLNavView.m in Sources */ = {isa = PBXBuildFile; fileRef = 21EFED441E157FE000D7755E /* URLNavView.m */; };
		FF3CAF1D2F2DBC710CC7FB60 /* libPods-Filefy.a in Frameworks */ = {isa = PBXBuildFile; fileRef = FB7CA8A1D376EACF19038D94 /* libPods-Filefy.a */; };
/* End PBXBuildFile section */

/* Begin PBXFileReference section */
		2103B9CF1E9AA4FD00F5DA0A /* StoreKit.framework */ = {isa = PBXFileReference; lastKnownFileType = wrapper.framework; name = StoreKit.framework; path = System/Library/Frameworks/StoreKit.framework; sourceTree = SDKROOT; };
		210F8F3E1E2DB6150096E5C3 /* URLTextField.h */ = {isa = PBXFileReference; fileEncoding = 4; lastKnownFileType = sourcecode.c.h; path = URLTextField.h; sourceTree = "<group>"; };
		210F8F3F1E2DB6150096E5C3 /* URLTextField.m */ = {isa = PBXFileReference; fileEncoding = 4; lastKnownFileType = sourcecode.c.objc; path = URLTextField.m; sourceTree = "<group>"; };
		2111934C1EB630DE00F1AB3B /* GoogleService-Info.plist */ = {isa = PBXFileReference; fileEncoding = 4; lastKnownFileType = text.plist.xml; path = "GoogleService-Info.plist"; sourceTree = "<group>"; };
		211527191E686AFC005F5C92 /* DefaultTabTableViewController.h */ = {isa = PBXFileReference; fileEncoding = 4; lastKnownFileType = sourcecode.c.h; path = DefaultTabTableViewController.h; sourceTree = "<group>"; };
		2115271A1E686AFC005F5C92 /* DefaultTabTableViewController.m */ = {isa = PBXFileReference; fileEncoding = 4; lastKnownFileType = sourcecode.c.objc; path = DefaultTabTableViewController.m; sourceTree = "<group>"; };
		21183E541E46A60700029939 /* XFileParserTest.h */ = {isa = PBXFileReference; fileEncoding = 4; lastKnownFileType = sourcecode.c.h; path = XFileParserTest.h; sourceTree = "<group>"; };
		21183E551E46A60700029939 /* XFileParserTest.m */ = {isa = PBXFileReference; fileEncoding = 4; lastKnownFileType = sourcecode.c.objc; path = XFileParserTest.m; sourceTree = "<group>"; };
		21183E581E46ACA200029939 /* FileManagerTableViewController.h */ = {isa = PBXFileReference; fileEncoding = 4; lastKnownFileType = sourcecode.c.h; path = FileManagerTableViewController.h; sourceTree = "<group>"; };
		21183E591E46ACA200029939 /* FileManagerTableViewController.m */ = {isa = PBXFileReference; fileEncoding = 4; lastKnownFileType = sourcecode.c.objc; path = FileManagerTableViewController.m; sourceTree = "<group>"; };
		211BE7BD1E6C7C6F009A7F4C /* TWRDownloadObject.m */ = {isa = PBXFileReference; fileEncoding = 4; lastKnownFileType = sourcecode.c.objc; path = TWRDownloadObject.m; sourceTree = "<group>"; };
		211BE7BF1E6C7C79009A7F4C /* TWRDownloadManager.h */ = {isa = PBXFileReference; fileEncoding = 4; lastKnownFileType = sourcecode.c.h; path = TWRDownloadManager.h; sourceTree = "<group>"; };
		211BE7C01E6C7C79009A7F4C /* TWRDownloadManager.m */ = {isa = PBXFileReference; fileEncoding = 4; lastKnownFileType = sourcecode.c.objc; path = TWRDownloadManager.m; sourceTree = "<group>"; };
		211BE7C11E6C7C79009A7F4C /* TWRDownloadObject.h */ = {isa = PBXFileReference; fileEncoding = 4; lastKnownFileType = sourcecode.c.h; path = TWRDownloadObject.h; sourceTree = "<group>"; };
		211BE7C41E6C7CA7009A7F4C /* DownloadsTableViewController.h */ = {isa = PBXFileReference; fileEncoding = 4; lastKnownFileType = sourcecode.c.h; path = DownloadsTableViewController.h; sourceTree = "<group>"; };
		211BE7C51E6C7CA7009A7F4C /* DownloadsTableViewController.m */ = {isa = PBXFileReference; fileEncoding = 4; lastKnownFileType = sourcecode.c.objc; path = DownloadsTableViewController.m; sourceTree = "<group>"; };
		211BE7C71E6C7CB7009A7F4C /* DownloadsTableViewCell.h */ = {isa = PBXFileReference; fileEncoding = 4; lastKnownFileType = sourcecode.c.h; path = DownloadsTableViewCell.h; sourceTree = "<group>"; };
		211BE7C81E6C7CB7009A7F4C /* DownloadsTableViewCell.m */ = {isa = PBXFileReference; fileEncoding = 4; lastKnownFileType = sourcecode.c.objc; path = DownloadsTableViewCell.m; sourceTree = "<group>"; };
		211E7E171E2D3B8F00F571B2 /* MessageUI.framework */ = {isa = PBXFileReference; lastKnownFileType = wrapper.framework; name = MessageUI.framework; path = System/Library/Frameworks/MessageUI.framework; sourceTree = SDKROOT; };
		212104C91E2195800090BDF3 /* SearchEngineTableViewController.h */ = {isa = PBXFileReference; fileEncoding = 4; lastKnownFileType = sourcecode.c.h; path = SearchEngineTableViewController.h; sourceTree = "<group>"; };
		212104CA1E2195800090BDF3 /* SearchEngineTableViewController.m */ = {isa = PBXFileReference; fileEncoding = 4; lastKnownFileType = sourcecode.c.objc; path = SearchEngineTableViewController.m; sourceTree = "<group>"; };
		2136E6901E6F032D00570476 /* StepsViewController.h */ = {isa = PBXFileReference; fileEncoding = 4; lastKnownFileType = sourcecode.c.h; path = StepsViewController.h; sourceTree = "<group>"; };
		2136E6911E6F032D00570476 /* StepsViewController.m */ = {isa = PBXFileReference; fileEncoding = 4; lastKnownFileType = sourcecode.c.objc; path = StepsViewController.m; sourceTree = "<group>"; };
		214DCF881E2EA4FB00329A5A /* BookmarkTableViewCell.h */ = {isa = PBXFileReference; fileEncoding = 4; lastKnownFileType = sourcecode.c.h; path = BookmarkTableViewCell.h; sourceTree = "<group>"; };
		214DCF891E2EA4FB00329A5A /* BookmarkTableViewCell.m */ = {isa = PBXFileReference; fileEncoding = 4; lastKnownFileType = sourcecode.c.objc; path = BookmarkTableViewCell.m; sourceTree = "<group>"; };
		214DCF8E1E2EAB8D00329A5A /* BookmarksTableViewController.h */ = {isa = PBXFileReference; fileEncoding = 4; lastKnownFileType = sourcecode.c.h; path = BookmarksTableViewController.h; sourceTree = "<group>"; };
		214DCF8F1E2EAB8D00329A5A /* BookmarksTableViewController.m */ = {isa = PBXFileReference; fileEncoding = 4; lastKnownFileType = sourcecode.c.objc; path = BookmarksTableViewController.m; sourceTree = "<group>"; };
		214E00581E4CB30000B5ACC2 /* CoreImage.framework */ = {isa = PBXFileReference; lastKnownFileType = wrapper.framework; name = CoreImage.framework; path = System/Library/Frameworks/CoreImage.framework; sourceTree = SDKROOT; };
		214E005A1E4CCE8C00B5ACC2 /* AVFoundation.framework */ = {isa = PBXFileReference; lastKnownFileType = wrapper.framework; name = AVFoundation.framework; path = System/Library/Frameworks/AVFoundation.framework; sourceTree = SDKROOT; };
		214FD0821E998A6D008A69BC /* WelcomeControllerViewController.h */ = {isa = PBXFileReference; fileEncoding = 4; lastKnownFileType = sourcecode.c.h; path = WelcomeControllerViewController.h; sourceTree = "<group>"; };
		214FD0831E998A6D008A69BC /* WelcomeControllerViewController.m */ = {isa = PBXFileReference; fileEncoding = 4; lastKnownFileType = sourcecode.c.objc; path = WelcomeControllerViewController.m; sourceTree = "<group>"; };
		215129041E57071D0059428B /* XMusicFile.h */ = {isa = PBXFileReference; fileEncoding = 4; lastKnownFileType = sourcecode.c.h; path = XMusicFile.h; sourceTree = "<group>"; };
		215129051E57071D0059428B /* XMusicFile.m */ = {isa = PBXFileReference; fileEncoding = 4; lastKnownFileType = sourcecode.c.objc; path = XMusicFile.m; sourceTree = "<group>"; };
		2158CECF1E59F6FF0072A460 /* MusicPlayerViewController.h */ = {isa = PBXFileReference; fileEncoding = 4; lastKnownFileType = sourcecode.c.h; path = MusicPlayerViewController.h; sourceTree = "<group>"; };
		2158CED01E59F6FF0072A460 /* MusicPlayerViewController.m */ = {isa = PBXFileReference; fileEncoding = 4; lastKnownFileType = sourcecode.c.objc; path = MusicPlayerViewController.m; sourceTree = "<group>"; };
		216910281E994D1000A44D5D /* QuartzCore.framework */ = {isa = PBXFileReference; lastKnownFileType = wrapper.framework; name = QuartzCore.framework; path = System/Library/Frameworks/QuartzCore.framework; sourceTree = SDKROOT; };
		2169102A1E994D1900A44D5D /* Security.framework */ = {isa = PBXFileReference; lastKnownFileType = wrapper.framework; name = Security.framework; path = System/Library/Frameworks/Security.framework; sourceTree = SDKROOT; };
		2169102C1E99532600A44D5D /* Filefy.entitlements */ = {isa = PBXFileReference; lastKnownFileType = text.plist.entitlements; path = Filefy.entitlements; sourceTree = SOURCE_ROOT; };
		217010D31E43D7DB00A316F7 /* XFile.h */ = {isa = PBXFileReference; fileEncoding = 4; lastKnownFileType = sourcecode.c.h; path = XFile.h; sourceTree = "<group>"; };
		217010D41E43D7DB00A316F7 /* XFile.m */ = {isa = PBXFileReference; fileEncoding = 4; lastKnownFileType = sourcecode.c.objc; path = XFile.m; sourceTree = "<group>"; };
		21741FC01E44A4A10030C063 /* XFileParser.h */ = {isa = PBXFileReference; fileEncoding = 4; lastKnownFileType = sourcecode.c.h; path = XFileParser.h; sourceTree = "<group>"; };
		21741FC11E44A4A10030C063 /* XFileParser.m */ = {isa = PBXFileReference; fileEncoding = 4; lastKnownFileType = sourcecode.c.objc; path = XFileParser.m; sourceTree = "<group>"; };
		217B06911E6DD0720083846F /* MIMEsTableViewController.h */ = {isa = PBXFileReference; fileEncoding = 4; lastKnownFileType = sourcecode.c.h; path = MIMEsTableViewController.h; sourceTree = "<group>"; };
		217B06921E6DD0720083846F /* MIMEsTableViewController.m */ = {isa = PBXFileReference; fileEncoding = 4; lastKnownFileType = sourcecode.c.objc; path = MIMEsTableViewController.m; sourceTree = "<group>"; };
		217B06951E6DDAAD0083846F /* NewMIMETableViewController.h */ = {isa = PBXFileReference; fileEncoding = 4; lastKnownFileType = sourcecode.c.h; path = NewMIMETableViewController.h; sourceTree = "<group>"; };
		217B06961E6DDAAD0083846F /* NewMIMETableViewController.m */ = {isa = PBXFileReference; fileEncoding = 4; lastKnownFileType = sourcecode.c.objc; path = NewMIMETableViewController.m; sourceTree = "<group>"; };
		217B06981E6DE0E00083846F /* EditMIMETableViewController.h */ = {isa = PBXFileReference; fileEncoding = 4; lastKnownFileType = sourcecode.c.h; path = EditMIMETableViewController.h; sourceTree = "<group>"; };
		217B06991E6DE0E00083846F /* EditMIMETableViewController.m */ = {isa = PBXFileReference; fileEncoding = 4; lastKnownFileType = sourcecode.c.objc; path = EditMIMETableViewController.m; sourceTree = "<group>"; };
		218096381E2ECF9C0059870E /* AddBTableViewController.h */ = {isa = PBXFileReference; fileEncoding = 4; lastKnownFileType = sourcecode.c.h; path = AddBTableViewController.h; sourceTree = "<group>"; };
		218096391E2ECF9C0059870E /* AddBTableViewController.m */ = {isa = PBXFileReference; fileEncoding = 4; lastKnownFileType = sourcecode.c.objc; path = AddBTableViewController.m; sourceTree = "<group>"; };
		2180963D1E2EE8740059870E /* DataRef.h */ = {isa = PBXFileReference; fileEncoding = 4; lastKnownFileType = sourcecode.c.h; path = DataRef.h; sourceTree = "<group>"; };
		2180963E1E2EE8740059870E /* DataRef.m */ = {isa = PBXFileReference; fileEncoding = 4; lastKnownFileType = sourcecode.c.objc; path = DataRef.m; sourceTree = "<group>"; };
		219B814A1E4B649300620348 /* PDFViewerViewController.h */ = {isa = PBXFileReference; fileEncoding = 4; lastKnownFileType = sourcecode.c.h; path = PDFViewerViewController.h; sourceTree = "<group>"; };
		219B814B1E4B649300620348 /* PDFViewerViewController.m */ = {isa = PBXFileReference; fileEncoding = 4; lastKnownFileType = sourcecode.c.objc; path = PDFViewerViewController.m; sourceTree = "<group>"; };
		219B814E1E4B83F500620348 /* TextViewerViewController.h */ = {isa = PBXFileReference; fileEncoding = 4; lastKnownFileType = sourcecode.c.h; path = TextViewerViewController.h; sourceTree = "<group>"; };
		219B814F1E4B83F500620348 /* TextViewerViewController.m */ = {isa = PBXFileReference; fileEncoding = 4; lastKnownFileType = sourcecode.c.objc; path = TextViewerViewController.m; sourceTree = "<group>"; };
		219B81511E4BABB500620348 /* MediaPlayer.framework */ = {isa = PBXFileReference; lastKnownFileType = wrapper.framework; name = MediaPlayer.framework; path = System/Library/Frameworks/MediaPlayer.framework; sourceTree = SDKROOT; };
		219B815D1E4BDB1F00620348 /* EditPropsTableViewController.h */ = {isa = PBXFileReference; fileEncoding = 4; lastKnownFileType = sourcecode.c.h; path = EditPropsTableViewController.h; sourceTree = "<group>"; };
		219B815E1E4BDB1F00620348 /* EditPropsTableViewController.m */ = {isa = PBXFileReference; fileEncoding = 4; lastKnownFileType = sourcecode.c.objc; path = EditPropsTableViewController.m; sourceTree = "<group>"; };
		21A04F911E1ABDDA00254D8F /* HistoryTableViewController.h */ = {isa = PBXFileReference; fileEncoding = 4; lastKnownFileType = sourcecode.c.h; path = HistoryTableViewController.h; sourceTree = "<group>"; };
		21A04F921E1ABDDA00254D8F /* HistoryTableViewController.m */ = {isa = PBXFileReference; fileEncoding = 4; lastKnownFileType = sourcecode.c.objc; path = HistoryTableViewController.m; sourceTree = "<group>"; };
		21A04F941E1ABF1400254D8F /* HistoryTableViewCell.h */ = {isa = PBXFileReference; fileEncoding = 4; lastKnownFileType = sourcecode.c.h; path = HistoryTableViewCell.h; sourceTree = "<group>"; };
		21A04F951E1ABF1400254D8F /* HistoryTableViewCell.m */ = {isa = PBXFileReference; fileEncoding = 4; lastKnownFileType = sourcecode.c.objc; path = HistoryTableViewCell.m; sourceTree = "<group>"; };
		21A04F971E1C244500254D8F /* SettingsTableViewController.h */ = {isa = PBXFileReference; fileEncoding = 4; lastKnownFileType = sourcecode.c.h; path = SettingsTableViewController.h; sourceTree = "<group>"; };
		21A04F981E1C244500254D8F /* SettingsTableViewController.m */ = {isa = PBXFileReference; fileEncoding = 4; lastKnownFileType = sourcecode.c.objc; path = SettingsTableViewController.m; sourceTree = "<group>"; };
		21A0ECC51E46B54800E156D8 /* FileManagerTableViewCell.h */ = {isa = PBXFileReference; fileEncoding = 4; lastKnownFileType = sourcecode.c.h; path = FileManagerTableViewCell.h; sourceTree = "<group>"; };
		21A0ECC61E46B54800E156D8 /* FileManagerTableViewCell.m */ = {isa = PBXFileReference; fileEncoding = 4; lastKnownFileType = sourcecode.c.objc; path = FileManagerTableViewCell.m; sourceTree = "<group>"; };
		21BCA4021EB7935600BC2C6D /* MWCaptionView.h */ = {isa = PBXFileReference; fileEncoding = 4; lastKnownFileType = sourcecode.c.h; path = MWCaptionView.h; sourceTree = "<group>"; };
		21BCA4031EB7935600BC2C6D /* MWCaptionView.m */ = {isa = PBXFileReference; fileEncoding = 4; lastKnownFileType = sourcecode.c.objc; path = MWCaptionView.m; sourceTree = "<group>"; };
		21BCA4041EB7935600BC2C6D /* MWCommon.h */ = {isa = PBXFileReference; fileEncoding = 4; lastKnownFileType = sourcecode.c.h; path = MWCommon.h; sourceTree = "<group>"; };
		21BCA4051EB7935600BC2C6D /* MWGridCell.h */ = {isa = PBXFileReference; fileEncoding = 4; lastKnownFileType = sourcecode.c.h; path = MWGridCell.h; sourceTree = "<group>"; };
		21BCA4061EB7935600BC2C6D /* MWGridCell.m */ = {isa = PBXFileReference; fileEncoding = 4; lastKnownFileType = sourcecode.c.objc; path = MWGridCell.m; sourceTree = "<group>"; };
		21BCA4071EB7935600BC2C6D /* MWGridViewController.h */ = {isa = PBXFileReference; fileEncoding = 4; lastKnownFileType = sourcecode.c.h; path = MWGridViewController.h; sourceTree = "<group>"; };
		21BCA4081EB7935600BC2C6D /* MWGridViewController.m */ = {isa = PBXFileReference; fileEncoding = 4; lastKnownFileType = sourcecode.c.objc; path = MWGridViewController.m; sourceTree = "<group>"; };
		21BCA4091EB7935600BC2C6D /* MWPhoto.h */ = {isa = PBXFileReference; fileEncoding = 4; lastKnownFileType = sourcecode.c.h; path = MWPhoto.h; sourceTree = "<group>"; };
		21BCA40A1EB7935600BC2C6D /* MWPhoto.m */ = {isa = PBXFileReference; fileEncoding = 4; lastKnownFileType = sourcecode.c.objc; path = MWPhoto.m; sourceTree = "<group>"; };
		21BCA40B1EB7935600BC2C6D /* MWPhotoBrowser.h */ = {isa = PBXFileReference; fileEncoding = 4; lastKnownFileType = sourcecode.c.h; path = MWPhotoBrowser.h; sourceTree = "<group>"; };
		21BCA40C1EB7935600BC2C6D /* MWPhotoBrowser.m */ = {isa = PBXFileReference; fileEncoding = 4; lastKnownFileType = sourcecode.c.objc; path = MWPhotoBrowser.m; sourceTree = "<group>"; };
		21BCA40D1EB7935600BC2C6D /* MWPhotoBrowserPrivate.h */ = {isa = PBXFileReference; fileEncoding = 4; lastKnownFileType = sourcecode.c.h; path = MWPhotoBrowserPrivate.h; sourceTree = "<group>"; };
		21BCA40E1EB7935600BC2C6D /* MWPhotoProtocol.h */ = {isa = PBXFileReference; fileEncoding = 4; lastKnownFileType = sourcecode.c.h; path = MWPhotoProtocol.h; sourceTree = "<group>"; };
		21BCA40F1EB7935600BC2C6D /* MWTapDetectingImageView.h */ = {isa = PBXFileReference; fileEncoding = 4; lastKnownFileType = sourcecode.c.h; path = MWTapDetectingImageView.h; sourceTree = "<group>"; };
		21BCA4101EB7935600BC2C6D /* MWTapDetectingImageView.m */ = {isa = PBXFileReference; fileEncoding = 4; lastKnownFileType = sourcecode.c.objc; path = MWTapDetectingImageView.m; sourceTree = "<group>"; };
		21BCA4111EB7935600BC2C6D /* MWTapDetectingView.h */ = {isa = PBXFileReference; fileEncoding = 4; lastKnownFileType = sourcecode.c.h; path = MWTapDetectingView.h; sourceTree = "<group>"; };
		21BCA4121EB7935600BC2C6D /* MWTapDetectingView.m */ = {isa = PBXFileReference; fileEncoding = 4; lastKnownFileType = sourcecode.c.objc; path = MWTapDetectingView.m; sourceTree = "<group>"; };
		21BCA4131EB7935600BC2C6D /* MWZoomingScrollView.h */ = {isa = PBXFileReference; fileEncoding = 4; lastKnownFileType = sourcecode.c.h; path = MWZoomingScrollView.h; sourceTree = "<group>"; };
		21BCA4141EB7935600BC2C6D /* MWZoomingScrollView.m */ = {isa = PBXFileReference; fileEncoding = 4; lastKnownFileType = sourcecode.c.objc; path = MWZoomingScrollView.m; sourceTree = "<group>"; };
		21BCA4151EB7935600BC2C6D /* UIImage+MWPhotoBrowser.h */ = {isa = PBXFileReference; fileEncoding = 4; lastKnownFileType = sourcecode.c.h; path = "UIImage+MWPhotoBrowser.h"; sourceTree = "<group>"; };
		21BCA4161EB7935600BC2C6D /* UIImage+MWPhotoBrowser.m */ = {isa = PBXFileReference; fileEncoding = 4; lastKnownFileType = sourcecode.c.objc; path = "UIImage+MWPhotoBrowser.m"; sourceTree = "<group>"; };
		21BCA4211EB7937900BC2C6D /* ImageError.png */ = {isa = PBXFileReference; lastKnownFileType = image.png; path = ImageError.png; sourceTree = "<group>"; };
		21BCA4221EB7937900BC2C6D /* ImageError@2x.png */ = {isa = PBXFileReference; lastKnownFileType = image.png; path = "ImageError@2x.png"; sourceTree = "<group>"; };
		21BCA4231EB7937900BC2C6D /* ImageError@3x.png */ = {isa = PBXFileReference; lastKnownFileType = image.png; path = "ImageError@3x.png"; sourceTree = "<group>"; };
		21BCA4241EB7937900BC2C6D /* ImageSelectedOff.png */ = {isa = PBXFileReference; lastKnownFileType = image.png; path = ImageSelectedOff.png; sourceTree = "<group>"; };
		21BCA4251EB7937900BC2C6D /* ImageSelectedOff@2x.png */ = {isa = PBXFileReference; lastKnownFileType = image.png; path = "ImageSelectedOff@2x.png"; sourceTree = "<group>"; };
		21BCA4261EB7937900BC2C6D /* ImageSelectedOff@3x.png */ = {isa = PBXFileReference; lastKnownFileType = image.png; path = "ImageSelectedOff@3x.png"; sourceTree = "<group>"; };
		21BCA4271EB7937900BC2C6D /* ImageSelectedOn.png */ = {isa = PBXFileReference; lastKnownFileType = image.png; path = ImageSelectedOn.png; sourceTree = "<group>"; };
		21BCA4281EB7937900BC2C6D /* ImageSelectedOn@2x.png */ = {isa = PBXFileReference; lastKnownFileType = image.png; path = "ImageSelectedOn@2x.png"; sourceTree = "<group>"; };
		21BCA4291EB7937900BC2C6D /* ImageSelectedOn@3x.png */ = {isa = PBXFileReference; lastKnownFileType = image.png; path = "ImageSelectedOn@3x.png"; sourceTree = "<group>"; };
		21BCA42A1EB7937900BC2C6D /* ImageSelectedSmallOff.png */ = {isa = PBXFileReference; lastKnownFileType = image.png; path = ImageSelectedSmallOff.png; sourceTree = "<group>"; };
		21BCA42B1EB7937900BC2C6D /* ImageSelectedSmallOff@2x.png */ = {isa = PBXFileReference; lastKnownFileType = image.png; path = "ImageSelectedSmallOff@2x.png"; sourceTree = "<group>"; };
		21BCA42C1EB7937900BC2C6D /* ImageSelectedSmallOff@3x.png */ = {isa = PBXFileReference; lastKnownFileType = image.png; path = "ImageSelectedSmallOff@3x.png"; sourceTree = "<group>"; };
		21BCA42D1EB7937900BC2C6D /* ImageSelectedSmallOn.png */ = {isa = PBXFileReference; lastKnownFileType = image.png; path = ImageSelectedSmallOn.png; sourceTree = "<group>"; };
		21BCA42E1EB7937900BC2C6D /* ImageSelectedSmallOn@2x.png */ = {isa = PBXFileReference; lastKnownFileType = image.png; path = "ImageSelectedSmallOn@2x.png"; sourceTree = "<group>"; };
		21BCA42F1EB7937900BC2C6D /* ImageSelectedSmallOn@3x.png */ = {isa = PBXFileReference; lastKnownFileType = image.png; path = "ImageSelectedSmallOn@3x.png"; sourceTree = "<group>"; };
		21BCA4301EB7937900BC2C6D /* PlayButtonOverlayLarge.png */ = {isa = PBXFileReference; lastKnownFileType = image.png; path = PlayButtonOverlayLarge.png; sourceTree = "<group>"; };
		21BCA4311EB7937900BC2C6D /* PlayButtonOverlayLarge@2x.png */ = {isa = PBXFileReference; lastKnownFileType = image.png; path = "PlayButtonOverlayLarge@2x.png"; sourceTree = "<group>"; };
		21BCA4321EB7937900BC2C6D /* PlayButtonOverlayLarge@3x.png */ = {isa = PBXFileReference; lastKnownFileType = image.png; path = "PlayButtonOverlayLarge@3x.png"; sourceTree = "<group>"; };
		21BCA4331EB7937900BC2C6D /* PlayButtonOverlayLargeTap.png */ = {isa = PBXFileReference; lastKnownFileType = image.png; path = PlayButtonOverlayLargeTap.png; sourceTree = "<group>"; };
		21BCA4341EB7937900BC2C6D /* PlayButtonOverlayLargeTap@2x.png */ = {isa = PBXFileReference; lastKnownFileType = image.png; path = "PlayButtonOverlayLargeTap@2x.png"; sourceTree = "<group>"; };
		21BCA4351EB7937900BC2C6D /* PlayButtonOverlayLargeTap@3x.png */ = {isa = PBXFileReference; lastKnownFileType = image.png; path = "PlayButtonOverlayLargeTap@3x.png"; sourceTree = "<group>"; };
		21BCA4361EB7937900BC2C6D /* UIBarButtonItemArrowLeft.png */ = {isa = PBXFileReference; lastKnownFileType = image.png; path = UIBarButtonItemArrowLeft.png; sourceTree = "<group>"; };
		21BCA4371EB7937900BC2C6D /* UIBarButtonItemArrowLeft@2x.png */ = {isa = PBXFileReference; lastKnownFileType = image.png; path = "UIBarButtonItemArrowLeft@2x.png"; sourceTree = "<group>"; };
		21BCA4381EB7937900BC2C6D /* UIBarButtonItemArrowLeft@3x.png */ = {isa = PBXFileReference; lastKnownFileType = image.png; path = "UIBarButtonItemArrowLeft@3x.png"; sourceTree = "<group>"; };
		21BCA4391EB7937900BC2C6D /* UIBarButtonItemArrowRight.png */ = {isa = PBXFileReference; lastKnownFileType = image.png; path = UIBarButtonItemArrowRight.png; sourceTree = "<group>"; };
		21BCA43A1EB7937900BC2C6D /* UIBarButtonItemArrowRight@2x.png */ = {isa = PBXFileReference; lastKnownFileType = image.png; path = "UIBarButtonItemArrowRight@2x.png"; sourceTree = "<group>"; };
		21BCA43B1EB7937900BC2C6D /* UIBarButtonItemArrowRight@3x.png */ = {isa = PBXFileReference; lastKnownFileType = image.png; path = "UIBarButtonItemArrowRight@3x.png"; sourceTree = "<group>"; };
		21BCA43C1EB7937900BC2C6D /* UIBarButtonItemGrid.png */ = {isa = PBXFileReference; lastKnownFileType = image.png; path = UIBarButtonItemGrid.png; sourceTree = "<group>"; };
		21BCA43D1EB7937900BC2C6D /* UIBarButtonItemGrid@2x.png */ = {isa = PBXFileReference; lastKnownFileType = image.png; path = "UIBarButtonItemGrid@2x.png"; sourceTree = "<group>"; };
		21BCA43E1EB7937900BC2C6D /* UIBarButtonItemGrid@3x.png */ = {isa = PBXFileReference; lastKnownFileType = image.png; path = "UIBarButtonItemGrid@3x.png"; sourceTree = "<group>"; };
		21BCA43F1EB7937900BC2C6D /* VideoOverlay.png */ = {isa = PBXFileReference; lastKnownFileType = image.png; path = VideoOverlay.png; sourceTree = "<group>"; };
		21BCA4401EB7937900BC2C6D /* VideoOverlay@2x.png */ = {isa = PBXFileReference; lastKnownFileType = image.png; path = "VideoOverlay@2x.png"; sourceTree = "<group>"; };
		21BCA4411EB7937900BC2C6D /* VideoOverlay@3x.png */ = {isa = PBXFileReference; lastKnownFileType = image.png; path = "VideoOverlay@3x.png"; sourceTree = "<group>"; };
		21C19DBC1E6D75FE00C56D70 /* CompletedDownloadsTableViewCell.h */ = {isa = PBXFileReference; fileEncoding = 4; lastKnownFileType = sourcecode.c.h; path = CompletedDownloadsTableViewCell.h; sourceTree = "<group>"; };
		21C19DBD1E6D75FE00C56D70 /* CompletedDownloadsTableViewCell.m */ = {isa = PBXFileReference; fileEncoding = 4; lastKnownFileType = sourcecode.c.objc; path = CompletedDownloadsTableViewCell.m; sourceTree = "<group>"; };
		21C70EAA1E96E02D00A52BC8 /* PasscodeTableViewController.h */ = {isa = PBXFileReference; fileEncoding = 4; lastKnownFileType = sourcecode.c.h; path = PasscodeTableViewController.h; sourceTree = "<group>"; };
		21C70EAB1E96E02D00A52BC8 /* PasscodeTableViewController.m */ = {isa = PBXFileReference; fileEncoding = 4; lastKnownFileType = sourcecode.c.objc; path = PasscodeTableViewController.m; sourceTree = "<group>"; };
		21C70EAE1E96E05B00A52BC8 /* LTHKeychainUtils.h */ = {isa = PBXFileReference; fileEncoding = 4; lastKnownFileType = sourcecode.c.h; path = LTHKeychainUtils.h; sourceTree = "<group>"; };
		21C70EAF1E96E05B00A52BC8 /* LTHKeychainUtils.m */ = {isa = PBXFileReference; fileEncoding = 4; lastKnownFileType = sourcecode.c.objc; path = LTHKeychainUtils.m; sourceTree = "<group>"; };
		21C70EB01E96E05B00A52BC8 /* LTHPasscodeViewController.h */ = {isa = PBXFileReference; fileEncoding = 4; lastKnownFileType = sourcecode.c.h; path = LTHPasscodeViewController.h; sourceTree = "<group>"; };
		21C70EB11E96E05B00A52BC8 /* LTHPasscodeViewController.m */ = {isa = PBXFileReference; fileEncoding = 4; lastKnownFileType = sourcecode.c.objc; path = LTHPasscodeViewController.m; sourceTree = "<group>"; };
		21C70EB41E96EBCB00A52BC8 /* LTHPasscodeViewController.bundle */ = {isa = PBXFileReference; lastKnownFileType = "wrapper.plug-in"; path = LTHPasscodeViewController.bundle; sourceTree = "<group>"; };
		21CA73641E648B930028BCF6 /* TabBarViewController.h */ = {isa = PBXFileReference; fileEncoding = 4; lastKnownFileType = sourcecode.c.h; path = TabBarViewController.h; sourceTree = "<group>"; };
		21CA73651E648B930028BCF6 /* TabBarViewController.m */ = {isa = PBXFileReference; fileEncoding = 4; lastKnownFileType = sourcecode.c.objc; path = TabBarViewController.m; sourceTree = "<group>"; };
		21EB2C871E6DB59F00AF90F3 /* StartDownloadTableViewController.h */ = {isa = PBXFileReference; fileEncoding = 4; lastKnownFileType = sourcecode.c.h; path = StartDownloadTableViewController.h; sourceTree = "<group>"; };
		21EB2C881E6DB59F00AF90F3 /* StartDownloadTableViewController.m */ = {isa = PBXFileReference; fileEncoding = 4; lastKnownFileType = sourcecode.c.objc; path = StartDownloadTableViewController.m; sourceTree = "<group>"; };
		21EFED201E14122B00D7755E /* Filefy.app */ = {isa = PBXFileReference; explicitFileType = wrapper.application; includeInIndex = 0; path = Filefy.app; sourceTree = BUILT_PRODUCTS_DIR; };
		21EFED241E14122B00D7755E /* main.m */ = {isa = PBXFileReference; lastKnownFileType = sourcecode.c.objc; path = main.m; sourceTree = "<group>"; };
		21EFED261E14122B00D7755E /* AppDelegate.h */ = {isa = PBXFileReference; lastKnownFileType = sourcecode.c.h; path = AppDelegate.h; sourceTree = "<group>"; };
		21EFED271E14122B00D7755E /* AppDelegate.m */ = {isa = PBXFileReference; lastKnownFileType = sourcecode.c.objc; path = AppDelegate.m; sourceTree = "<group>"; };
		21EFED2D1E14122B00D7755E /* Base */ = {isa = PBXFileReference; lastKnownFileType = file.storyboard; name = Base; path = Base.lproj/Main.storyboard; sourceTree = "<group>"; };
		21EFED2F1E14122B00D7755E /* Assets.xcassets */ = {isa = PBXFileReference; lastKnownFileType = folder.assetcatalog; path = Assets.xcassets; sourceTree = "<group>"; };
		21EFED321E14122B00D7755E /* Base */ = {isa = PBXFileReference; lastKnownFileType = file.storyboard; name = Base; path = Base.lproj/LaunchScreen.storyboard; sourceTree = "<group>"; };
		21EFED341E14122B00D7755E /* Info.plist */ = {isa = PBXFileReference; lastKnownFileType = text.plist.xml; path = Info.plist; sourceTree = "<group>"; };
		21EFED3A1E141ADC00D7755E /* WebViewController.h */ = {isa = PBXFileReference; fileEncoding = 4; lastKnownFileType = sourcecode.c.h; path = WebViewController.h; sourceTree = "<group>"; };
		21EFED3B1E141ADC00D7755E /* WebViewController.m */ = {isa = PBXFileReference; fileEncoding = 4; lastKnownFileType = sourcecode.c.objc; path = WebViewController.m; sourceTree = "<group>"; };
		21EFED431E157FE000D7755E /* URLNavView.h */ = {isa = PBXFileReference; fileEncoding = 4; lastKnownFileType = sourcecode.c.h; path = URLNavView.h; sourceTree = "<group>"; };
		21EFED441E157FE000D7755E /* URLNavView.m */ = {isa = PBXFileReference; fileEncoding = 4; lastKnownFileType = sourcecode.c.objc; path = URLNavView.m; sourceTree = "<group>"; };
		4CA54025E152AD6442774220 /* Pods-Filefy.debug.xcconfig */ = {isa = PBXFileReference; includeInIndex = 1; lastKnownFileType = text.xcconfig; name = "Pods-Filefy.debug.xcconfig"; path = "Pods/Target Support Files/Pods-Filefy/Pods-Filefy.debug.xcconfig"; sourceTree = "<group>"; };
		C93E066D58B100F2BE2EB0AB /* Pods-Filefy.release.xcconfig */ = {isa = PBXFileReference; includeInIndex = 1; lastKnownFileType = text.xcconfig; name = "Pods-Filefy.release.xcconfig"; path = "Pods/Target Support Files/Pods-Filefy/Pods-Filefy.release.xcconfig"; sourceTree = "<group>"; };
		FB7CA8A1D376EACF19038D94 /* libPods-Filefy.a */ = {isa = PBXFileReference; explicitFileType = archive.ar; includeInIndex = 0; path = "libPods-Filefy.a"; sourceTree = BUILT_PRODUCTS_DIR; };
/* End PBXFileReference section */

/* Begin PBXFrameworksBuildPhase section */
		21EFED1D1E14122B00D7755E /* Frameworks */ = {
			isa = PBXFrameworksBuildPhase;
			buildActionMask = 2147483647;
			files = (
				2103B9D01E9AA4FD00F5DA0A /* StoreKit.framework in Frameworks */,
				2169102B1E994D1900A44D5D /* Security.framework in Frameworks */,
				216910291E994D1000A44D5D /* QuartzCore.framework in Frameworks */,
				214E005B1E4CCE8C00B5ACC2 /* AVFoundation.framework in Frameworks */,
				214E00591E4CB30000B5ACC2 /* CoreImage.framework in Frameworks */,
				219B81521E4BABB500620348 /* MediaPlayer.framework in Frameworks */,
				211E7E181E2D3B8F00F571B2 /* MessageUI.framework in Frameworks */,
				FF3CAF1D2F2DBC710CC7FB60 /* libPods-Filefy.a in Frameworks */,
			);
			runOnlyForDeploymentPostprocessing = 0;
		};
/* End PBXFrameworksBuildPhase section */

/* Begin PBXGroup section */
		2101C2E91E25AA7F008110EE /* Bookmarks */ = {
			isa = PBXGroup;
			children = (
				214DCF8E1E2EAB8D00329A5A /* BookmarksTableViewController.h */,
				214DCF8F1E2EAB8D00329A5A /* BookmarksTableViewController.m */,
				214DCF881E2EA4FB00329A5A /* BookmarkTableViewCell.h */,
				214DCF891E2EA4FB00329A5A /* BookmarkTableViewCell.m */,
				218096381E2ECF9C0059870E /* AddBTableViewController.h */,
				218096391E2ECF9C0059870E /* AddBTableViewController.m */,
			);
			name = Bookmarks;
			sourceTree = "<group>";
		};
		21183E571E46AC7F00029939 /* XFile */ = {
			isa = PBXGroup;
			children = (
				217010D31E43D7DB00A316F7 /* XFile.h */,
				217010D41E43D7DB00A316F7 /* XFile.m */,
				21741FC01E44A4A10030C063 /* XFileParser.h */,
				21741FC11E44A4A10030C063 /* XFileParser.m */,
				21183E541E46A60700029939 /* XFileParserTest.h */,
				21183E551E46A60700029939 /* XFileParserTest.m */,
			);
			name = XFile;
			sourceTree = "<group>";
		};
		211BE7C31E6C7C8E009A7F4C /* Download Manager */ = {
			isa = PBXGroup;
			children = (
				211BE7BF1E6C7C79009A7F4C /* TWRDownloadManager.h */,
				211BE7C01E6C7C79009A7F4C /* TWRDownloadManager.m */,
				211BE7C11E6C7C79009A7F4C /* TWRDownloadObject.h */,
				211BE7BD1E6C7C6F009A7F4C /* TWRDownloadObject.m */,
			);
			name = "Download Manager";
			sourceTree = "<group>";
		};
		211D8A231E16EED400DB3072 /* Web Browser */ = {
			isa = PBXGroup;
			children = (
				21EFED3A1E141ADC00D7755E /* WebViewController.h */,
				21EFED3B1E141ADC00D7755E /* WebViewController.m */,
				21EFED431E157FE000D7755E /* URLNavView.h */,
				21EFED441E157FE000D7755E /* URLNavView.m */,
				210F8F3E1E2DB6150096E5C3 /* URLTextField.h */,
				210F8F3F1E2DB6150096E5C3 /* URLTextField.m */,
			);
			name = "Web Browser";
			sourceTree = "<group>";
		};
		211D8A241E16EF1900DB3072 /* User Interface */ = {
			isa = PBXGroup;
			children = (
				21EFED2C1E14122B00D7755E /* Main.storyboard */,
				21EFED2F1E14122B00D7755E /* Assets.xcassets */,
				21EFED311E14122B00D7755E /* LaunchScreen.storyboard */,
			);
			name = "User Interface";
			sourceTree = "<group>";
		};
		211E7E161E2D3B8F00F571B2 /* Frameworks */ = {
			isa = PBXGroup;
			children = (
				2103B9CF1E9AA4FD00F5DA0A /* StoreKit.framework */,
				2169102A1E994D1900A44D5D /* Security.framework */,
				216910281E994D1000A44D5D /* QuartzCore.framework */,
				214E005A1E4CCE8C00B5ACC2 /* AVFoundation.framework */,
				214E00581E4CB30000B5ACC2 /* CoreImage.framework */,
				219B81511E4BABB500620348 /* MediaPlayer.framework */,
				211E7E171E2D3B8F00F571B2 /* MessageUI.framework */,
				FB7CA8A1D376EACF19038D94 /* libPods-Filefy.a */,
			);
			name = Frameworks;
			sourceTree = "<group>";
		};
		2136E68F1E6F028700570476 /* Tutorial */ = {
			isa = PBXGroup;
			children = (
				2136E6901E6F032D00570476 /* StepsViewController.h */,
				2136E6911E6F032D00570476 /* StepsViewController.m */,
				214FD0821E998A6D008A69BC /* WelcomeControllerViewController.h */,
				214FD0831E998A6D008A69BC /* WelcomeControllerViewController.m */,
			);
			name = Tutorial;
			sourceTree = "<group>";
		};
		213C31E71E65C16D009A6F66 /* Downloads */ = {
			isa = PBXGroup;
			children = (
				211BE7C31E6C7C8E009A7F4C /* Download Manager */,
				211BE7C41E6C7CA7009A7F4C /* DownloadsTableViewController.h */,
				211BE7C51E6C7CA7009A7F4C /* DownloadsTableViewController.m */,
				211BE7C71E6C7CB7009A7F4C /* DownloadsTableViewCell.h */,
				211BE7C81E6C7CB7009A7F4C /* DownloadsTableViewCell.m */,
				21C19DBC1E6D75FE00C56D70 /* CompletedDownloadsTableViewCell.h */,
				21C19DBD1E6D75FE00C56D70 /* CompletedDownloadsTableViewCell.m */,
				21EB2C871E6DB59F00AF90F3 /* StartDownloadTableViewController.h */,
				21EB2C881E6DB59F00AF90F3 /* StartDownloadTableViewController.m */,
			);
			name = Downloads;
			sourceTree = "<group>";
		};
		215129031E5706FF0059428B /* XMusicFile */ = {
			isa = PBXGroup;
			children = (
				215129041E57071D0059428B /* XMusicFile.h */,
				215129051E57071D0059428B /* XMusicFile.m */,
			);
			name = XMusicFile;
			sourceTree = "<group>";
		};
		217010D61E43D7E200A316F7 /* File Manager */ = {
			isa = PBXGroup;
			children = (
				21183E571E46AC7F00029939 /* XFile */,
				21183E581E46ACA200029939 /* FileManagerTableViewController.h */,
				21183E591E46ACA200029939 /* FileManagerTableViewController.m */,
				21A0ECC51E46B54800E156D8 /* FileManagerTableViewCell.h */,
				21A0ECC61E46B54800E156D8 /* FileManagerTableViewCell.m */,
				219B81591E4BD71E00620348 /* Edit File Props */,
				219B81491E4B647200620348 /* PDF Viewer */,
				219B814D1E4B83B900620348 /* Text Viewer */,
				219B81551E4BCFA000620348 /* Music Player */,
			);
			name = "File Manager";
			sourceTree = "<group>";
		};
		217B068E1E6DD03F0083846F /* Search Engine */ = {
			isa = PBXGroup;
			children = (
				212104C91E2195800090BDF3 /* SearchEngineTableViewController.h */,
				212104CA1E2195800090BDF3 /* SearchEngineTableViewController.m */,
			);
			name = "Search Engine";
			sourceTree = "<group>";
		};
		217B068F1E6DD04A0083846F /* Default Tabs */ = {
			isa = PBXGroup;
			children = (
				211527191E686AFC005F5C92 /* DefaultTabTableViewController.h */,
				2115271A1E686AFC005F5C92 /* DefaultTabTableViewController.m */,
			);
			name = "Default Tabs";
			sourceTree = "<group>";
		};
		217B06941E6DD07D0083846F /* MIME Types */ = {
			isa = PBXGroup;
			children = (
				217B06911E6DD0720083846F /* MIMEsTableViewController.h */,
				217B06921E6DD0720083846F /* MIMEsTableViewController.m */,
				217B06951E6DDAAD0083846F /* NewMIMETableViewController.h */,
				217B06961E6DDAAD0083846F /* NewMIMETableViewController.m */,
				217B06981E6DE0E00083846F /* EditMIMETableViewController.h */,
				217B06991E6DE0E00083846F /* EditMIMETableViewController.m */,
			);
			name = "MIME Types";
			sourceTree = "<group>";
		};
		219B81491E4B647200620348 /* PDF Viewer */ = {
			isa = PBXGroup;
			children = (
				219B814A1E4B649300620348 /* PDFViewerViewController.h */,
				219B814B1E4B649300620348 /* PDFViewerViewController.m */,
			);
			name = "PDF Viewer";
			sourceTree = "<group>";
		};
		219B814D1E4B83B900620348 /* Text Viewer */ = {
			isa = PBXGroup;
			children = (
				219B814E1E4B83F500620348 /* TextViewerViewController.h */,
				219B814F1E4B83F500620348 /* TextViewerViewController.m */,
			);
			name = "Text Viewer";
			sourceTree = "<group>";
		};
		219B81551E4BCFA000620348 /* Music Player */ = {
			isa = PBXGroup;
			children = (
				215129031E5706FF0059428B /* XMusicFile */,
				2158CECF1E59F6FF0072A460 /* MusicPlayerViewController.h */,
				2158CED01E59F6FF0072A460 /* MusicPlayerViewController.m */,
			);
			name = "Music Player";
			sourceTree = "<group>";
		};
		219B81591E4BD71E00620348 /* Edit File Props */ = {
			isa = PBXGroup;
			children = (
				219B815D1E4BDB1F00620348 /* EditPropsTableViewController.h */,
				219B815E1E4BDB1F00620348 /* EditPropsTableViewController.m */,
			);
			name = "Edit File Props";
			sourceTree = "<group>";
		};
		21A04F9A1E1D664100254D8F /* History */ = {
			isa = PBXGroup;
			children = (
				21A04F911E1ABDDA00254D8F /* HistoryTableViewController.h */,
				21A04F921E1ABDDA00254D8F /* HistoryTableViewController.m */,
				21A04F941E1ABF1400254D8F /* HistoryTableViewCell.h */,
				21A04F951E1ABF1400254D8F /* HistoryTableViewCell.m */,
			);
			name = History;
			sourceTree = "<group>";
		};
		21A04F9B1E1D665000254D8F /* Settings */ = {
			isa = PBXGroup;
			children = (
				217B068E1E6DD03F0083846F /* Search Engine */,
				217B068F1E6DD04A0083846F /* Default Tabs */,
				217B06941E6DD07D0083846F /* MIME Types */,
				21C70EAD1E96E04300A52BC8 /* Passcode */,
				21A04F971E1C244500254D8F /* SettingsTableViewController.h */,
				21A04F981E1C244500254D8F /* SettingsTableViewController.m */,
			);
			name = Settings;
			sourceTree = "<group>";
		};
		21BCA4001EB7933900BC2C6D /* ThirdParty */ = {
			isa = PBXGroup;
			children = (
				21BCA4011EB7934500BC2C6D /* MWPhotoBrowser */,
			);
			name = ThirdParty;
			sourceTree = "<group>";
		};
		21BCA4011EB7934500BC2C6D /* MWPhotoBrowser */ = {
			isa = PBXGroup;
			children = (
				21BCA4201EB7936B00BC2C6D /* Assets */,
				21BCA4021EB7935600BC2C6D /* MWCaptionView.h */,
				21BCA4031EB7935600BC2C6D /* MWCaptionView.m */,
				21BCA4041EB7935600BC2C6D /* MWCommon.h */,
				21BCA4051EB7935600BC2C6D /* MWGridCell.h */,
				21BCA4061EB7935600BC2C6D /* MWGridCell.m */,
				21BCA4071EB7935600BC2C6D /* MWGridViewController.h */,
				21BCA4081EB7935600BC2C6D /* MWGridViewController.m */,
				21BCA4091EB7935600BC2C6D /* MWPhoto.h */,
				21BCA40A1EB7935600BC2C6D /* MWPhoto.m */,
				21BCA40B1EB7935600BC2C6D /* MWPhotoBrowser.h */,
				21BCA40C1EB7935600BC2C6D /* MWPhotoBrowser.m */,
				21BCA40D1EB7935600BC2C6D /* MWPhotoBrowserPrivate.h */,
				21BCA40E1EB7935600BC2C6D /* MWPhotoProtocol.h */,
				21BCA40F1EB7935600BC2C6D /* MWTapDetectingImageView.h */,
				21BCA4101EB7935600BC2C6D /* MWTapDetectingImageView.m */,
				21BCA4111EB7935600BC2C6D /* MWTapDetectingView.h */,
				21BCA4121EB7935600BC2C6D /* MWTapDetectingView.m */,
				21BCA4131EB7935600BC2C6D /* MWZoomingScrollView.h */,
				21BCA4141EB7935600BC2C6D /* MWZoomingScrollView.m */,
				21BCA4151EB7935600BC2C6D /* UIImage+MWPhotoBrowser.h */,
				21BCA4161EB7935600BC2C6D /* UIImage+MWPhotoBrowser.m */,
			);
			name = MWPhotoBrowser;
			sourceTree = "<group>";
		};
		21BCA4201EB7936B00BC2C6D /* Assets */ = {
			isa = PBXGroup;
			children = (
				21BCA4211EB7937900BC2C6D /* ImageError.png */,
				21BCA4221EB7937900BC2C6D /* ImageError@2x.png */,
				21BCA4231EB7937900BC2C6D /* ImageError@3x.png */,
				21BCA4241EB7937900BC2C6D /* ImageSelectedOff.png */,
				21BCA4251EB7937900BC2C6D /* ImageSelectedOff@2x.png */,
				21BCA4261EB7937900BC2C6D /* ImageSelectedOff@3x.png */,
				21BCA4271EB7937900BC2C6D /* ImageSelectedOn.png */,
				21BCA4281EB7937900BC2C6D /* ImageSelectedOn@2x.png */,
				21BCA4291EB7937900BC2C6D /* ImageSelectedOn@3x.png */,
				21BCA42A1EB7937900BC2C6D /* ImageSelectedSmallOff.png */,
				21BCA42B1EB7937900BC2C6D /* ImageSelectedSmallOff@2x.png */,
				21BCA42C1EB7937900BC2C6D /* ImageSelectedSmallOff@3x.png */,
				21BCA42D1EB7937900BC2C6D /* ImageSelectedSmallOn.png */,
				21BCA42E1EB7937900BC2C6D /* ImageSelectedSmallOn@2x.png */,
				21BCA42F1EB7937900BC2C6D /* ImageSelectedSmallOn@3x.png */,
				21BCA4301EB7937900BC2C6D /* PlayButtonOverlayLarge.png */,
				21BCA4311EB7937900BC2C6D /* PlayButtonOverlayLarge@2x.png */,
				21BCA4321EB7937900BC2C6D /* PlayButtonOverlayLarge@3x.png */,
				21BCA4331EB7937900BC2C6D /* PlayButtonOverlayLargeTap.png */,
				21BCA4341EB7937900BC2C6D /* PlayButtonOverlayLargeTap@2x.png */,
				21BCA4351EB7937900BC2C6D /* PlayButtonOverlayLargeTap@3x.png */,
				21BCA4361EB7937900BC2C6D /* UIBarButtonItemArrowLeft.png */,
				21BCA4371EB7937900BC2C6D /* UIBarButtonItemArrowLeft@2x.png */,
				21BCA4381EB7937900BC2C6D /* UIBarButtonItemArrowLeft@3x.png */,
				21BCA4391EB7937900BC2C6D /* UIBarButtonItemArrowRight.png */,
				21BCA43A1EB7937900BC2C6D /* UIBarButtonItemArrowRight@2x.png */,
				21BCA43B1EB7937900BC2C6D /* UIBarButtonItemArrowRight@3x.png */,
				21BCA43C1EB7937900BC2C6D /* UIBarButtonItemGrid.png */,
				21BCA43D1EB7937900BC2C6D /* UIBarButtonItemGrid@2x.png */,
				21BCA43E1EB7937900BC2C6D /* UIBarButtonItemGrid@3x.png */,
				21BCA43F1EB7937900BC2C6D /* VideoOverlay.png */,
				21BCA4401EB7937900BC2C6D /* VideoOverlay@2x.png */,
				21BCA4411EB7937900BC2C6D /* VideoOverlay@3x.png */,
			);
			name = Assets;
			sourceTree = "<group>";
		};
		21C70EAD1E96E04300A52BC8 /* Passcode */ = {
			isa = PBXGroup;
			children = (
				21C70EB41E96EBCB00A52BC8 /* LTHPasscodeViewController.bundle */,
				21C70EAE1E96E05B00A52BC8 /* LTHKeychainUtils.h */,
				21C70EAF1E96E05B00A52BC8 /* LTHKeychainUtils.m */,
				21C70EB01E96E05B00A52BC8 /* LTHPasscodeViewController.h */,
				21C70EB11E96E05B00A52BC8 /* LTHPasscodeViewController.m */,
				21C70EAA1E96E02D00A52BC8 /* PasscodeTableViewController.h */,
				21C70EAB1E96E02D00A52BC8 /* PasscodeTableViewController.m */,
			);
			name = Passcode;
			sourceTree = "<group>";
		};
		21CA73671E648FAB0028BCF6 /* Tab Bar Controller */ = {
			isa = PBXGroup;
			children = (
				21CA73641E648B930028BCF6 /* TabBarViewController.h */,
				21CA73651E648B930028BCF6 /* TabBarViewController.m */,
			);
			name = "Tab Bar Controller";
			sourceTree = "<group>";
		};
		21EFED171E14122B00D7755E = {
			isa = PBXGroup;
			children = (
				21EFED221E14122B00D7755E /* Filefy */,
				21EFED211E14122B00D7755E /* Products */,
				211E7E161E2D3B8F00F571B2 /* Frameworks */,
				F742683B2CCFA844C10AD7BE /* Pods */,
			);
			sourceTree = "<group>";
		};
		21EFED211E14122B00D7755E /* Products */ = {
			isa = PBXGroup;
			children = (
				21EFED201E14122B00D7755E /* Filefy.app */,
			);
			name = Products;
			sourceTree = "<group>";
		};
		21EFED221E14122B00D7755E /* Filefy */ = {
			isa = PBXGroup;
			children = (
				2169102C1E99532600A44D5D /* Filefy.entitlements */,
				21EFED261E14122B00D7755E /* AppDelegate.h */,
				21EFED271E14122B00D7755E /* AppDelegate.m */,
				2180963D1E2EE8740059870E /* DataRef.h */,
				2180963E1E2EE8740059870E /* DataRef.m */,
				21BCA4001EB7933900BC2C6D /* ThirdParty */,
				2136E68F1E6F028700570476 /* Tutorial */,
				21CA73671E648FAB0028BCF6 /* Tab Bar Controller */,
				211D8A231E16EED400DB3072 /* Web Browser */,
				21A04F9A1E1D664100254D8F /* History */,
				21A04F9B1E1D665000254D8F /* Settings */,
				2101C2E91E25AA7F008110EE /* Bookmarks */,
				217010D61E43D7E200A316F7 /* File Manager */,
				213C31E71E65C16D009A6F66 /* Downloads */,
				211D8A241E16EF1900DB3072 /* User Interface */,
				21EFED231E14122B00D7755E /* Supporting Files */,
			);
			name = Filefy;
			path = FileMan;
			sourceTree = "<group>";
		};
		21EFED231E14122B00D7755E /* Supporting Files */ = {
			isa = PBXGroup;
			children = (
				2111934C1EB630DE00F1AB3B /* GoogleService-Info.plist */,
				21EFED341E14122B00D7755E /* Info.plist */,
				21EFED241E14122B00D7755E /* main.m */,
			);
			name = "Supporting Files";
			sourceTree = "<group>";
		};
		F742683B2CCFA844C10AD7BE /* Pods */ = {
			isa = PBXGroup;
			children = (
				4CA54025E152AD6442774220 /* Pods-Filefy.debug.xcconfig */,
				C93E066D58B100F2BE2EB0AB /* Pods-Filefy.release.xcconfig */,
			);
			name = Pods;
			sourceTree = "<group>";
		};
/* End PBXGroup section */

/* Begin PBXNativeTarget section */
		21EFED1F1E14122B00D7755E /* Filefy */ = {
			isa = PBXNativeTarget;
			buildConfigurationList = 21EFED371E14122B00D7755E /* Build configuration list for PBXNativeTarget "Filefy" */;
			buildPhases = (
				5C285FE076B4CD4E551106C1 /* [CP] Check Pods Manifest.lock */,
				21EFED1C1E14122B00D7755E /* Sources */,
				21EFED1D1E14122B00D7755E /* Frameworks */,
				21EFED1E1E14122B00D7755E /* Resources */,
				370296CFF071A36C4E30875B /* [CP] Embed Pods Frameworks */,
				70E50B20B854F05225586182 /* [CP] Copy Pods Resources */,
				21C63DBC1EDDA02D00047BD3 /* Fabric Analytics */,
				217A05231EDDAD6300522E4C /* Firebase Crash Reporting */,
			);
			buildRules = (
			);
			dependencies = (
			);
			name = Filefy;
			productName = FileMan;
			productReference = 21EFED201E14122B00D7755E /* Filefy.app */;
			productType = "com.apple.product-type.application";
		};
/* End PBXNativeTarget section */

/* Begin PBXProject section */
		21EFED181E14122B00D7755E /* Project object */ = {
			isa = PBXProject;
			attributes = {
				LastUpgradeCheck = 0820;
				ORGANIZATIONNAME = "Sami Sharaf";
				TargetAttributes = {
					21EFED1F1E14122B00D7755E = {
						CreatedOnToolsVersion = 8.2;
						DevelopmentTeam = QV3625575M;
						ProvisioningStyle = Automatic;
						SystemCapabilities = {
							com.apple.BackgroundModes = {
								enabled = 1;
							};
							com.apple.InAppPurchase = {
								enabled = 1;
							};
							com.apple.Keychain = {
								enabled = 1;
							};
						};
					};
				};
			};
			buildConfigurationList = 21EFED1B1E14122B00D7755E /* Build configuration list for PBXProject "Filefy" */;
			compatibilityVersion = "Xcode 3.2";
			developmentRegion = English;
			hasScannedForEncodings = 0;
			knownRegions = (
				en,
				Base,
			);
			mainGroup = 21EFED171E14122B00D7755E;
			productRefGroup = 21EFED211E14122B00D7755E /* Products */;
			projectDirPath = "";
			projectRoot = "";
			targets = (
				21EFED1F1E14122B00D7755E /* Filefy */,
			);
		};
/* End PBXProject section */

/* Begin PBXResourcesBuildPhase section */
		21EFED1E1E14122B00D7755E /* Resources */ = {
			isa = PBXResourcesBuildPhase;
			buildActionMask = 2147483647;
			files = (
				21BCA4601EB7937900BC2C6D /* VideoOverlay.png in Resources */,
				21EFED331E14122B00D7755E /* LaunchScreen.storyboard in Resources */,
				21BCA4521EB7937900BC2C6D /* PlayButtonOverlayLarge@2x.png in Resources */,
				21BCA4461EB7937900BC2C6D /* ImageSelectedOff@2x.png in Resources */,
				21BCA4431EB7937900BC2C6D /* ImageError@2x.png in Resources */,
				21BCA4591EB7937900BC2C6D /* UIBarButtonItemArrowLeft@3x.png in Resources */,
				21BCA4541EB7937900BC2C6D /* PlayButtonOverlayLargeTap.png in Resources */,
				21EFED301E14122B00D7755E /* Assets.xcassets in Resources */,
				21BCA4621EB7937900BC2C6D /* VideoOverlay@3x.png in Resources */,
				21BCA45B1EB7937900BC2C6D /* UIBarButtonItemArrowRight@2x.png in Resources */,
				2111934D1EB630DE00F1AB3B /* GoogleService-Info.plist in Resources */,
				21BCA4551EB7937900BC2C6D /* PlayButtonOverlayLargeTap@2x.png in Resources */,
				21BCA45C1EB7937900BC2C6D /* UIBarButtonItemArrowRight@3x.png in Resources */,
				21BCA4531EB7937900BC2C6D /* PlayButtonOverlayLarge@3x.png in Resources */,
				21BCA44E1EB7937900BC2C6D /* ImageSelectedSmallOn.png in Resources */,
				21BCA45E1EB7937900BC2C6D /* UIBarButtonItemGrid@2x.png in Resources */,
				21BCA44A1EB7937900BC2C6D /* ImageSelectedOn@3x.png in Resources */,
				21BCA4451EB7937900BC2C6D /* ImageSelectedOff.png in Resources */,
				21BCA4471EB7937900BC2C6D /* ImageSelectedOff@3x.png in Resources */,
				21BCA4441EB7937900BC2C6D /* ImageError@3x.png in Resources */,
				21BCA4511EB7937900BC2C6D /* PlayButtonOverlayLarge.png in Resources */,
				21BCA4611EB7937900BC2C6D /* VideoOverlay@2x.png in Resources */,
				21BCA45D1EB7937900BC2C6D /* UIBarButtonItemGrid.png in Resources */,
				21BCA4571EB7937900BC2C6D /* UIBarButtonItemArrowLeft.png in Resources */,
				21BCA44C1EB7937900BC2C6D /* ImageSelectedSmallOff@2x.png in Resources */,
				21BCA4501EB7937900BC2C6D /* ImageSelectedSmallOn@3x.png in Resources */,
				21EFED2E1E14122B00D7755E /* Main.storyboard in Resources */,
				21BCA44D1EB7937900BC2C6D /* ImageSelectedSmallOff@3x.png in Resources */,
				21BCA4491EB7937900BC2C6D /* ImageSelectedOn@2x.png in Resources */,
				21BCA4421EB7937900BC2C6D /* ImageError.png in Resources */,
				21BCA44B1EB7937900BC2C6D /* ImageSelectedSmallOff.png in Resources */,
				21BCA44F1EB7937900BC2C6D /* ImageSelectedSmallOn@2x.png in Resources */,
				21BCA4581EB7937900BC2C6D /* UIBarButtonItemArrowLeft@2x.png in Resources */,
				21C70EB51E96EBCB00A52BC8 /* LTHPasscodeViewController.bundle in Resources */,
				21BCA45F1EB7937900BC2C6D /* UIBarButtonItemGrid@3x.png in Resources */,
				21BCA4561EB7937900BC2C6D /* PlayButtonOverlayLargeTap@3x.png in Resources */,
				21BCA4481EB7937900BC2C6D /* ImageSelectedOn.png in Resources */,
				21BCA45A1EB7937900BC2C6D /* UIBarButtonItemArrowRight.png in Resources */,
			);
			runOnlyForDeploymentPostprocessing = 0;
		};
/* End PBXResourcesBuildPhase section */

/* Begin PBXShellScriptBuildPhase section */
		217A05231EDDAD6300522E4C /* Firebase Crash Reporting */ = {
			isa = PBXShellScriptBuildPhase;
			buildActionMask = 2147483647;
			files = (
			);
			inputPaths = (
			);
			name = "Firebase Crash Reporting";
			outputPaths = (
			);
			runOnlyForDeploymentPostprocessing = 0;
			shellPath = /bin/sh;
			shellScript = "# Replace this with the GOOGLE_APP_ID from your GoogleService-Info.plist file\nGOOGLE_APP_ID=1:61879216838:ios:1072fc1535fd4dbe\n\n# Replace the /Path/To/ServiceAccount.json with the path to the key you just downloaded\n\"${PODS_ROOT}\"/FirebaseCrash/upload-sym \"${PROJECT_DIR}/Keys/Filefy/filefy-59d9e-firebase-crashreporting-qkrti-9ab3fe34aa.json\"";
		};
		21C63DBC1EDDA02D00047BD3 /* Fabric Analytics */ = {
			isa = PBXShellScriptBuildPhase;
			buildActionMask = 2147483647;
			files = (
			);
			inputPaths = (
			);
			name = "Fabric Analytics";
			outputPaths = (
			);
			runOnlyForDeploymentPostprocessing = 0;
			shellPath = /bin/sh;
			shellScript = "\"${PODS_ROOT}/Fabric/run\" f69277e3b5fe1ba3237d4048c5bc2068ca5311c1 ecf347b83de1d1d8d642a360b22428108688ecaf9e08481bb33c02086e617ebc";
		};
		370296CFF071A36C4E30875B /* [CP] Embed Pods Frameworks */ = {
			isa = PBXShellScriptBuildPhase;
			buildActionMask = 2147483647;
			files = (
			);
			inputPaths = (
			);
			name = "[CP] Embed Pods Frameworks";
			outputPaths = (
			);
			runOnlyForDeploymentPostprocessing = 0;
			shellPath = /bin/sh;
			shellScript = "\"${SRCROOT}/Pods/Target Support Files/Pods-Filefy/Pods-Filefy-frameworks.sh\"\n";
			showEnvVarsInLog = 0;
		};
		5C285FE076B4CD4E551106C1 /* [CP] Check Pods Manifest.lock */ = {
			isa = PBXShellScriptBuildPhase;
			buildActionMask = 2147483647;
			files = (
			);
			inputPaths = (
			);
			name = "[CP] Check Pods Manifest.lock";
			outputPaths = (
			);
			runOnlyForDeploymentPostprocessing = 0;
			shellPath = /bin/sh;
			shellScript = "diff \"${PODS_PODFILE_DIR_PATH}/Podfile.lock\" \"${PODS_ROOT}/Manifest.lock\" > /dev/null\nif [ $? != 0 ] ; then\n    # print error to STDERR\n    echo \"error: The sandbox is not in sync with the Podfile.lock. Run 'pod install' or update your CocoaPods installation.\" >&2\n    exit 1\nfi\n";
			showEnvVarsInLog = 0;
		};
		70E50B20B854F05225586182 /* [CP] Copy Pods Resources */ = {
			isa = PBXShellScriptBuildPhase;
			buildActionMask = 2147483647;
			files = (
			);
			inputPaths = (
			);
			name = "[CP] Copy Pods Resources";
			outputPaths = (
			);
			runOnlyForDeploymentPostprocessing = 0;
			shellPath = /bin/sh;
			shellScript = "\"${SRCROOT}/Pods/Target Support Files/Pods-Filefy/Pods-Filefy-resources.sh\"\n";
			showEnvVarsInLog = 0;
		};
/* End PBXShellScriptBuildPhase section */

/* Begin PBXSourcesBuildPhase section */
		21EFED1C1E14122B00D7755E /* Sources */ = {
			isa = PBXSourcesBuildPhase;
			buildActionMask = 2147483647;
			files = (
				214DCF8A1E2EA4FB00329A5A /* BookmarkTableViewCell.m in Sources */,
				21BCA41B1EB7935600BC2C6D /* MWPhotoBrowser.m in Sources */,
				21A04F991E1C244500254D8F /* SettingsTableViewController.m in Sources */,
				21BCA41C1EB7935600BC2C6D /* MWTapDetectingImageView.m in Sources */,
				21183E5A1E46ACA200029939 /* FileManagerTableViewController.m in Sources */,
				219B81501E4B83F500620348 /* TextViewerViewController.m in Sources */,
				211BE7C61E6C7CA7009A7F4C /* DownloadsTableViewController.m in Sources */,
				214FD0841E998A6D008A69BC /* WelcomeControllerViewController.m in Sources */,
				21CA73661E648B930028BCF6 /* TabBarViewController.m in Sources */,
				21EFED281E14122B00D7755E /* AppDelegate.m in Sources */,
				21C70EB31E96E05B00A52BC8 /* LTHPasscodeViewController.m in Sources */,
				215129061E57071D0059428B /* XMusicFile.m in Sources */,
				21741FC21E44A4A10030C063 /* XFileParser.m in Sources */,
				21A0ECC71E46B54800E156D8 /* FileManagerTableViewCell.m in Sources */,
				211BE7BE1E6C7C6F009A7F4C /* TWRDownloadObject.m in Sources */,
				21BCA4181EB7935600BC2C6D /* MWGridCell.m in Sources */,
				21BCA41E1EB7935600BC2C6D /* MWZoomingScrollView.m in Sources */,
				21BCA41F1EB7935600BC2C6D /* UIImage+MWPhotoBrowser.m in Sources */,
				2180963F1E2EE8740059870E /* DataRef.m in Sources */,
				219B815F1E4BDB1F00620348 /* EditPropsTableViewController.m in Sources */,
				21C70EB21E96E05B00A52BC8 /* LTHKeychainUtils.m in Sources */,
				21EFED3C1E141ADC00D7755E /* WebViewController.m in Sources */,
				2158CED11E59F6FF0072A460 /* MusicPlayerViewController.m in Sources */,
				21183E561E46A60700029939 /* XFileParserTest.m in Sources */,
				217B06931E6DD0720083846F /* MIMEsTableViewController.m in Sources */,
				21A04F961E1ABF1400254D8F /* HistoryTableViewCell.m in Sources */,
				21BCA4191EB7935600BC2C6D /* MWGridViewController.m in Sources */,
				217B06971E6DDAAD0083846F /* NewMIMETableViewController.m in Sources */,
				217010D51E43D7DB00A316F7 /* XFile.m in Sources */,
				21EB2C891E6DB59F00AF90F3 /* StartDownloadTableViewController.m in Sources */,
				21EFED451E157FE000D7755E /* URLNavView.m in Sources */,
				2180963A1E2ECF9C0059870E /* AddBTableViewController.m in Sources */,
				21C19DBE1E6D75FE00C56D70 /* CompletedDownloadsTableViewCell.m in Sources */,
				212104CB1E2195800090BDF3 /* SearchEngineTableViewController.m in Sources */,
				21EFED251E14122B00D7755E /* main.m in Sources */,
				211BE7C91E6C7CB7009A7F4C /* DownloadsTableViewCell.m in Sources */,
				219B814C1E4B649300620348 /* PDFViewerViewController.m in Sources */,
				211BE7C21E6C7C79009A7F4C /* TWRDownloadManager.m in Sources */,
				21C70EAC1E96E02D00A52BC8 /* PasscodeTableViewController.m in Sources */,
				21A04F931E1ABDDA00254D8F /* HistoryTableViewController.m in Sources */,
				2136E6921E6F032D00570476 /* StepsViewController.m in Sources */,
				210F8F401E2DB6150096E5C3 /* URLTextField.m in Sources */,
				217B069A1E6DE0E00083846F /* EditMIMETableViewController.m in Sources */,
				2115271B1E686AFC005F5C92 /* DefaultTabTableViewController.m in Sources */,
				214DCF901E2EAB8D00329A5A /* BookmarksTableViewController.m in Sources */,
				21BCA4171EB7935600BC2C6D /* MWCaptionView.m in Sources */,
				21BCA41D1EB7935600BC2C6D /* MWTapDetectingView.m in Sources */,
				21BCA41A1EB7935600BC2C6D /* MWPhoto.m in Sources */,
			);
			runOnlyForDeploymentPostprocessing = 0;
		};
/* End PBXSourcesBuildPhase section */

/* Begin PBXVariantGroup section */
		21EFED2C1E14122B00D7755E /* Main.storyboard */ = {
			isa = PBXVariantGroup;
			children = (
				21EFED2D1E14122B00D7755E /* Base */,
			);
			name = Main.storyboard;
			sourceTree = "<group>";
		};
		21EFED311E14122B00D7755E /* LaunchScreen.storyboard */ = {
			isa = PBXVariantGroup;
			children = (
				21EFED321E14122B00D7755E /* Base */,
			);
			name = LaunchScreen.storyboard;
			sourceTree = "<group>";
		};
/* End PBXVariantGroup section */

/* Begin XCBuildConfiguration section */
		21EFED351E14122B00D7755E /* Debug */ = {
			isa = XCBuildConfiguration;
			buildSettings = {
				ALWAYS_SEARCH_USER_PATHS = NO;
				CLANG_ANALYZER_NONNULL = YES;
				CLANG_CXX_LANGUAGE_STANDARD = "gnu++0x";
				CLANG_CXX_LIBRARY = "libc++";
				CLANG_ENABLE_MODULES = YES;
				CLANG_ENABLE_OBJC_ARC = YES;
				CLANG_WARN_BOOL_CONVERSION = YES;
				CLANG_WARN_CONSTANT_CONVERSION = YES;
				CLANG_WARN_DIRECT_OBJC_ISA_USAGE = YES_ERROR;
				CLANG_WARN_DOCUMENTATION_COMMENTS = YES;
				CLANG_WARN_EMPTY_BODY = YES;
				CLANG_WARN_ENUM_CONVERSION = YES;
				CLANG_WARN_INFINITE_RECURSION = YES;
				CLANG_WARN_INT_CONVERSION = YES;
				CLANG_WARN_OBJC_ROOT_CLASS = YES_ERROR;
				CLANG_WARN_SUSPICIOUS_MOVE = YES;
				CLANG_WARN_UNREACHABLE_CODE = YES;
				CLANG_WARN__DUPLICATE_METHOD_MATCH = YES;
				"CODE_SIGN_IDENTITY[sdk=iphoneos*]" = "iPhone Developer";
				COPY_PHASE_STRIP = NO;
				DEBUG_INFORMATION_FORMAT = dwarf;
				ENABLE_STRICT_OBJC_MSGSEND = YES;
				ENABLE_TESTABILITY = YES;
				GCC_C_LANGUAGE_STANDARD = gnu99;
				GCC_DYNAMIC_NO_PIC = NO;
				GCC_NO_COMMON_BLOCKS = YES;
				GCC_OPTIMIZATION_LEVEL = 0;
				GCC_PREPROCESSOR_DEFINITIONS = (
					"DEBUG=1",
					"$(inherited)",
				);
				GCC_WARN_64_TO_32_BIT_CONVERSION = YES;
				GCC_WARN_ABOUT_RETURN_TYPE = YES_ERROR;
				GCC_WARN_UNDECLARED_SELECTOR = YES;
				GCC_WARN_UNINITIALIZED_AUTOS = YES_AGGRESSIVE;
				GCC_WARN_UNUSED_FUNCTION = YES;
				GCC_WARN_UNUSED_VARIABLE = YES;
				IPHONEOS_DEPLOYMENT_TARGET = 8.0;
				MTL_ENABLE_DEBUG_INFO = YES;
				ONLY_ACTIVE_ARCH = YES;
				SDKROOT = iphoneos;
				TARGETED_DEVICE_FAMILY = "1,2";
			};
			name = Debug;
		};
		21EFED361E14122B00D7755E /* Release */ = {
			isa = XCBuildConfiguration;
			buildSettings = {
				ALWAYS_SEARCH_USER_PATHS = NO;
				CLANG_ANALYZER_NONNULL = YES;
				CLANG_CXX_LANGUAGE_STANDARD = "gnu++0x";
				CLANG_CXX_LIBRARY = "libc++";
				CLANG_ENABLE_MODULES = YES;
				CLANG_ENABLE_OBJC_ARC = YES;
				CLANG_WARN_BOOL_CONVERSION = YES;
				CLANG_WARN_CONSTANT_CONVERSION = YES;
				CLANG_WARN_DIRECT_OBJC_ISA_USAGE = YES_ERROR;
				CLANG_WARN_DOCUMENTATION_COMMENTS = YES;
				CLANG_WARN_EMPTY_BODY = YES;
				CLANG_WARN_ENUM_CONVERSION = YES;
				CLANG_WARN_INFINITE_RECURSION = YES;
				CLANG_WARN_INT_CONVERSION = YES;
				CLANG_WARN_OBJC_ROOT_CLASS = YES_ERROR;
				CLANG_WARN_SUSPICIOUS_MOVE = YES;
				CLANG_WARN_UNREACHABLE_CODE = YES;
				CLANG_WARN__DUPLICATE_METHOD_MATCH = YES;
				"CODE_SIGN_IDENTITY[sdk=iphoneos*]" = "iPhone Developer";
				COPY_PHASE_STRIP = NO;
				DEBUG_INFORMATION_FORMAT = "dwarf-with-dsym";
				ENABLE_NS_ASSERTIONS = NO;
				ENABLE_STRICT_OBJC_MSGSEND = YES;
				GCC_C_LANGUAGE_STANDARD = gnu99;
				GCC_NO_COMMON_BLOCKS = YES;
				GCC_WARN_64_TO_32_BIT_CONVERSION = YES;
				GCC_WARN_ABOUT_RETURN_TYPE = YES_ERROR;
				GCC_WARN_UNDECLARED_SELECTOR = YES;
				GCC_WARN_UNINITIALIZED_AUTOS = YES_AGGRESSIVE;
				GCC_WARN_UNUSED_FUNCTION = YES;
				GCC_WARN_UNUSED_VARIABLE = YES;
				IPHONEOS_DEPLOYMENT_TARGET = 8.0;
				MTL_ENABLE_DEBUG_INFO = NO;
				SDKROOT = iphoneos;
				TARGETED_DEVICE_FAMILY = "1,2";
				VALIDATE_PRODUCT = YES;
			};
			name = Release;
		};
		21EFED381E14122B00D7755E /* Debug */ = {
			isa = XCBuildConfiguration;
			baseConfigurationReference = 4CA54025E152AD6442774220 /* Pods-Filefy.debug.xcconfig */;
			buildSettings = {
				ASSETCATALOG_COMPILER_APPICON_NAME = AppIcon;
				CODE_SIGN_ENTITLEMENTS = Filefy.entitlements;
				DEBUG_INFORMATION_FORMAT = "dwarf-with-dsym";
				DEVELOPMENT_TEAM = QV3625575M;
				INFOPLIST_FILE = FileMan/Info.plist;
				IPHONEOS_DEPLOYMENT_TARGET = 8.0;
				LD_RUNPATH_SEARCH_PATHS = "$(inherited) @executable_path/Frameworks";
				PRODUCT_BUNDLE_IDENTIFIER = "com.Sami-Sharaf.Filefy";
				PRODUCT_NAME = "$(TARGET_NAME)";
				TARGETED_DEVICE_FAMILY = "1,2";
			};
			name = Debug;
		};
		21EFED391E14122B00D7755E /* Release */ = {
			isa = XCBuildConfiguration;
			baseConfigurationReference = C93E066D58B100F2BE2EB0AB /* Pods-Filefy.release.xcconfig */;
			buildSettings = {
				ASSETCATALOG_COMPILER_APPICON_NAME = AppIcon;
				CODE_SIGN_ENTITLEMENTS = Filefy.entitlements;
				DEVELOPMENT_TEAM = QV3625575M;
				INFOPLIST_FILE = FileMan/Info.plist;
				IPHONEOS_DEPLOYMENT_TARGET = 8.0;
				LD_RUNPATH_SEARCH_PATHS = "$(inherited) @executable_path/Frameworks";
				PRODUCT_BUNDLE_IDENTIFIER = "com.Sami-Sharaf.Filefy";
				PRODUCT_NAME = "$(TARGET_NAME)";
				TARGETED_DEVICE_FAMILY = "1,2";
			};
			name = Release;
		};
/* End XCBuildConfiguration section */

/* Begin XCConfigurationList section */
		21EFED1B1E14122B00D7755E /* Build configuration list for PBXProject "Filefy" */ = {
			isa = XCConfigurationList;
			buildConfigurations = (
				21EFED351E14122B00D7755E /* Debug */,
				21EFED361E14122B00D7755E /* Release */,
			);
			defaultConfigurationIsVisible = 0;
			defaultConfigurationName = Release;
		};
		21EFED371E14122B00D7755E /* Build configuration list for PBXNativeTarget "Filefy" */ = {
			isa = XCConfigurationList;
			buildConfigurations = (
				21EFED381E14122B00D7755E /* Debug */,
				21EFED391E14122B00D7755E /* Release */,
			);
			defaultConfigurationIsVisible = 0;
			defaultConfigurationName = Release;
		};
/* End XCConfigurationList section */
	};
	rootObject = 21EFED181E14122B00D7755E /* Project object */;
}
